// !$*UTF8*$!
{
	archiveVersion = 1;
	classes = {
	};
	objectVersion = 50;
	objects = {

/* Begin PBXBuildFile section */
		826A4BA921B0690F00F24296 /* AppDelegate.m in Sources */ = {isa = PBXBuildFile; fileRef = 826A4BA821B0690F00F24296 /* AppDelegate.m */; };
		826A4BAF21B0690F00F24296 /* Main.storyboard in Resources */ = {isa = PBXBuildFile; fileRef = 826A4BAD21B0690F00F24296 /* Main.storyboard */; };
		826A4BB121B0691200F24296 /* Assets.xcassets in Resources */ = {isa = PBXBuildFile; fileRef = 826A4BB021B0691200F24296 /* Assets.xcassets */; };
		826A4BB421B0691200F24296 /* LaunchScreen.storyboard in Resources */ = {isa = PBXBuildFile; fileRef = 826A4BB221B0691200F24296 /* LaunchScreen.storyboard */; };
		826A4BB721B0691200F24296 /* main.m in Sources */ = {isa = PBXBuildFile; fileRef = 826A4BB621B0691200F24296 /* main.m */; };
		826A4BC221B06BE800F24296 /* ContactsTableViewController.m in Sources */ = {isa = PBXBuildFile; fileRef = 826A4BC121B06BE800F24296 /* ContactsTableViewController.m */; };
		826A4BC521B06C0400F24296 /* ContactDetailViewController.m in Sources */ = {isa = PBXBuildFile; fileRef = 826A4BC421B06C0400F24296 /* ContactDetailViewController.m */; };
		826A4BC821B06C2D00F24296 /* Contact.m in Sources */ = {isa = PBXBuildFile; fileRef = 826A4BC721B06C2D00F24296 /* Contact.m */; };
		826A4BCC21B06F5800F24296 /* ContactController.m in Sources */ = {isa = PBXBuildFile; fileRef = 826A4BCB21B06F5800F24296 /* ContactController.m */; };
/* End PBXBuildFile section */

/* Begin PBXFileReference section */
		826A4BA421B0690F00F24296 /* Contacts MRC.app */ = {isa = PBXFileReference; explicitFileType = wrapper.application; includeInIndex = 0; path = "Contacts MRC.app"; sourceTree = BUILT_PRODUCTS_DIR; };
		826A4BA721B0690F00F24296 /* AppDelegate.h */ = {isa = PBXFileReference; lastKnownFileType = sourcecode.c.h; path = AppDelegate.h; sourceTree = "<group>"; };
		826A4BA821B0690F00F24296 /* AppDelegate.m */ = {isa = PBXFileReference; lastKnownFileType = sourcecode.c.objc; path = AppDelegate.m; sourceTree = "<group>"; };
		826A4BAE21B0690F00F24296 /* Base */ = {isa = PBXFileReference; lastKnownFileType = file.storyboard; name = Base; path = Base.lproj/Main.storyboard; sourceTree = "<group>"; };
		826A4BB021B0691200F24296 /* Assets.xcassets */ = {isa = PBXFileReference; lastKnownFileType = folder.assetcatalog; path = Assets.xcassets; sourceTree = "<group>"; };
		826A4BB321B0691200F24296 /* Base */ = {isa = PBXFileReference; lastKnownFileType = file.storyboard; name = Base; path = Base.lproj/LaunchScreen.storyboard; sourceTree = "<group>"; };
		826A4BB521B0691200F24296 /* Info.plist */ = {isa = PBXFileReference; lastKnownFileType = text.plist.xml; path = Info.plist; sourceTree = "<group>"; };
		826A4BB621B0691200F24296 /* main.m */ = {isa = PBXFileReference; lastKnownFileType = sourcecode.c.objc; path = main.m; sourceTree = "<group>"; };
		826A4BC021B06BE800F24296 /* ContactsTableViewController.h */ = {isa = PBXFileReference; lastKnownFileType = sourcecode.c.h; path = ContactsTableViewController.h; sourceTree = "<group>"; };
		826A4BC121B06BE800F24296 /* ContactsTableViewController.m */ = {isa = PBXFileReference; lastKnownFileType = sourcecode.c.objc; path = ContactsTableViewController.m; sourceTree = "<group>"; };
		826A4BC321B06C0400F24296 /* ContactDetailViewController.h */ = {isa = PBXFileReference; lastKnownFileType = sourcecode.c.h; path = ContactDetailViewController.h; sourceTree = "<group>"; };
		826A4BC421B06C0400F24296 /* ContactDetailViewController.m */ = {isa = PBXFileReference; lastKnownFileType = sourcecode.c.objc; path = ContactDetailViewController.m; sourceTree = "<group>"; };
		826A4BC621B06C2D00F24296 /* Contact.h */ = {isa = PBXFileReference; lastKnownFileType = sourcecode.c.h; path = Contact.h; sourceTree = "<group>"; };
		826A4BC721B06C2D00F24296 /* Contact.m */ = {isa = PBXFileReference; lastKnownFileType = sourcecode.c.objc; path = Contact.m; sourceTree = "<group>"; };
		826A4BCA21B06F5800F24296 /* ContactController.h */ = {isa = PBXFileReference; lastKnownFileType = sourcecode.c.h; path = ContactController.h; sourceTree = "<group>"; };
		826A4BCB21B06F5800F24296 /* ContactController.m */ = {isa = PBXFileReference; lastKnownFileType = sourcecode.c.objc; path = ContactController.m; sourceTree = "<group>"; };
/* End PBXFileReference section */

/* Begin PBXFrameworksBuildPhase section */
		826A4BA121B0690F00F24296 /* Frameworks */ = {
			isa = PBXFrameworksBuildPhase;
			buildActionMask = 2147483647;
			files = (
			);
			runOnlyForDeploymentPostprocessing = 0;
		};
/* End PBXFrameworksBuildPhase section */

/* Begin PBXGroup section */
		826A4B9B21B0690F00F24296 = {
			isa = PBXGroup;
			children = (
				826A4BA621B0690F00F24296 /* Contacts MRC */,
				826A4BA521B0690F00F24296 /* Products */,
			);
			sourceTree = "<group>";
		};
		826A4BA521B0690F00F24296 /* Products */ = {
			isa = PBXGroup;
			children = (
				826A4BA421B0690F00F24296 /* Contacts MRC.app */,
			);
			name = Products;
			sourceTree = "<group>";
		};
		826A4BA621B0690F00F24296 /* Contacts MRC */ = {
			isa = PBXGroup;
			children = (
				826A4BC921B06C3000F24296 /* Models */,
				826A4BCD21B06F5B00F24296 /* Model Controllers */,
				826A4BBF21B06A1900F24296 /* View Controllers */,
				826A4BBE21B06A0C00F24296 /* Storyboards */,
				826A4BBD21B06A0300F24296 /* Resources */,
				826A4BB521B0691200F24296 /* Info.plist */,
			);
			path = "Contacts MRC";
			sourceTree = "<group>";
		};
		826A4BBD21B06A0300F24296 /* Resources */ = {
			isa = PBXGroup;
			children = (
				826A4BA721B0690F00F24296 /* AppDelegate.h */,
				826A4BA821B0690F00F24296 /* AppDelegate.m */,
				826A4BB021B0691200F24296 /* Assets.xcassets */,
				826A4BB621B0691200F24296 /* main.m */,
			);
			path = Resources;
			sourceTree = "<group>";
		};
		826A4BBE21B06A0C00F24296 /* Storyboards */ = {
			isa = PBXGroup;
			children = (
				826A4BAD21B0690F00F24296 /* Main.storyboard */,
				826A4BB221B0691200F24296 /* LaunchScreen.storyboard */,
			);
			path = Storyboards;
			sourceTree = "<group>";
		};
		826A4BBF21B06A1900F24296 /* View Controllers */ = {
			isa = PBXGroup;
			children = (
				826A4BC021B06BE800F24296 /* ContactsTableViewController.h */,
				826A4BC121B06BE800F24296 /* ContactsTableViewController.m */,
				826A4BC321B06C0400F24296 /* ContactDetailViewController.h */,
				826A4BC421B06C0400F24296 /* ContactDetailViewController.m */,
			);
			path = "View Controllers";
			sourceTree = "<group>";
		};
		826A4BC921B06C3000F24296 /* Models */ = {
			isa = PBXGroup;
			children = (
				826A4BC621B06C2D00F24296 /* Contact.h */,
				826A4BC721B06C2D00F24296 /* Contact.m */,
			);
			path = Models;
			sourceTree = "<group>";
		};
		826A4BCD21B06F5B00F24296 /* Model Controllers */ = {
			isa = PBXGroup;
			children = (
				826A4BCA21B06F5800F24296 /* ContactController.h */,
				826A4BCB21B06F5800F24296 /* ContactController.m */,
			);
			path = "Model Controllers";
			sourceTree = "<group>";
		};
/* End PBXGroup section */

/* Begin PBXNativeTarget section */
		826A4BA321B0690F00F24296 /* Contacts MRC */ = {
			isa = PBXNativeTarget;
			buildConfigurationList = 826A4BBA21B0691200F24296 /* Build configuration list for PBXNativeTarget "Contacts MRC" */;
			buildPhases = (
				826A4BA021B0690F00F24296 /* Sources */,
				826A4BA121B0690F00F24296 /* Frameworks */,
				826A4BA221B0690F00F24296 /* Resources */,
			);
			buildRules = (
			);
			dependencies = (
			);
			name = "Contacts MRC";
			productName = "Contacts MRC";
			productReference = 826A4BA421B0690F00F24296 /* Contacts MRC.app */;
			productType = "com.apple.product-type.application";
		};
/* End PBXNativeTarget section */

/* Begin PBXProject section */
		826A4B9C21B0690F00F24296 /* Project object */ = {
			isa = PBXProject;
			attributes = {
				LastUpgradeCheck = 1010;
				ORGANIZATIONNAME = "Lambda School";
				TargetAttributes = {
					826A4BA321B0690F00F24296 = {
						CreatedOnToolsVersion = 10.1;
					};
				};
			};
			buildConfigurationList = 826A4B9F21B0690F00F24296 /* Build configuration list for PBXProject "Contacts MRC" */;
			compatibilityVersion = "Xcode 9.3";
			developmentRegion = en;
			hasScannedForEncodings = 0;
			knownRegions = (
				en,
				Base,
			);
			mainGroup = 826A4B9B21B0690F00F24296;
			productRefGroup = 826A4BA521B0690F00F24296 /* Products */;
			projectDirPath = "";
			projectRoot = "";
			targets = (
				826A4BA321B0690F00F24296 /* Contacts MRC */,
			);
		};
/* End PBXProject section */

/* Begin PBXResourcesBuildPhase section */
		826A4BA221B0690F00F24296 /* Resources */ = {
			isa = PBXResourcesBuildPhase;
			buildActionMask = 2147483647;
			files = (
				826A4BB421B0691200F24296 /* LaunchScreen.storyboard in Resources */,
				826A4BB121B0691200F24296 /* Assets.xcassets in Resources */,
				826A4BAF21B0690F00F24296 /* Main.storyboard in Resources */,
			);
			runOnlyForDeploymentPostprocessing = 0;
		};
/* End PBXResourcesBuildPhase section */

/* Begin PBXSourcesBuildPhase section */
		826A4BA021B0690F00F24296 /* Sources */ = {
			isa = PBXSourcesBuildPhase;
			buildActionMask = 2147483647;
			files = (
				826A4BB721B0691200F24296 /* main.m in Sources */,
				826A4BA921B0690F00F24296 /* AppDelegate.m in Sources */,
				826A4BCC21B06F5800F24296 /* ContactController.m in Sources */,
				826A4BC821B06C2D00F24296 /* Contact.m in Sources */,
				826A4BC521B06C0400F24296 /* ContactDetailViewController.m in Sources */,
				826A4BC221B06BE800F24296 /* ContactsTableViewController.m in Sources */,
			);
			runOnlyForDeploymentPostprocessing = 0;
		};
/* End PBXSourcesBuildPhase section */

/* Begin PBXVariantGroup section */
		826A4BAD21B0690F00F24296 /* Main.storyboard */ = {
			isa = PBXVariantGroup;
			children = (
				826A4BAE21B0690F00F24296 /* Base */,
			);
			name = Main.storyboard;
			sourceTree = "<group>";
		};
		826A4BB221B0691200F24296 /* LaunchScreen.storyboard */ = {
			isa = PBXVariantGroup;
			children = (
				826A4BB321B0691200F24296 /* Base */,
			);
			name = LaunchScreen.storyboard;
			sourceTree = "<group>";
		};
/* End PBXVariantGroup section */

/* Begin XCBuildConfiguration section */
		826A4BB821B0691200F24296 /* Debug */ = {
			isa = XCBuildConfiguration;
			buildSettings = {
				ALWAYS_SEARCH_USER_PATHS = NO;
				CLANG_ANALYZER_NONNULL = YES;
				CLANG_ANALYZER_NUMBER_OBJECT_CONVERSION = YES_AGGRESSIVE;
				CLANG_CXX_LANGUAGE_STANDARD = "gnu++14";
				CLANG_CXX_LIBRARY = "libc++";
				CLANG_ENABLE_MODULES = YES;
				CLANG_ENABLE_OBJC_ARC = NO;
				CLANG_ENABLE_OBJC_WEAK = YES;
				CLANG_WARN_BLOCK_CAPTURE_AUTORELEASING = YES;
				CLANG_WARN_BOOL_CONVERSION = YES;
				CLANG_WARN_COMMA = YES;
				CLANG_WARN_CONSTANT_CONVERSION = YES;
				CLANG_WARN_DEPRECATED_OBJC_IMPLEMENTATIONS = YES;
				CLANG_WARN_DIRECT_OBJC_ISA_USAGE = YES_ERROR;
				CLANG_WARN_DOCUMENTATION_COMMENTS = YES;
				CLANG_WARN_EMPTY_BODY = YES;
				CLANG_WARN_ENUM_CONVERSION = YES;
				CLANG_WARN_INFINITE_RECURSION = YES;
				CLANG_WARN_INT_CONVERSION = YES;
				CLANG_WARN_NON_LITERAL_NULL_CONVERSION = YES;
				CLANG_WARN_OBJC_IMPLICIT_RETAIN_SELF = YES;
				CLANG_WARN_OBJC_LITERAL_CONVERSION = YES;
				CLANG_WARN_OBJC_ROOT_CLASS = YES_ERROR;
				CLANG_WARN_RANGE_LOOP_ANALYSIS = YES;
				CLANG_WARN_STRICT_PROTOTYPES = YES;
				CLANG_WARN_SUSPICIOUS_MOVE = YES;
				CLANG_WARN_UNGUARDED_AVAILABILITY = YES_AGGRESSIVE;
				CLANG_WARN_UNREACHABLE_CODE = YES;
				CLANG_WARN__DUPLICATE_METHOD_MATCH = YES;
				CODE_SIGN_IDENTITY = "iPhone Developer";
				COPY_PHASE_STRIP = NO;
				DEBUG_INFORMATION_FORMAT = dwarf;
				ENABLE_STRICT_OBJC_MSGSEND = YES;
				ENABLE_TESTABILITY = YES;
				GCC_C_LANGUAGE_STANDARD = gnu11;
				GCC_DYNAMIC_NO_PIC = NO;
				GCC_NO_COMMON_BLOCKS = YES;
				GCC_OPTIMIZATION_LEVEL = 0;
				GCC_PREPROCESSOR_DEFINITIONS = (
					"DEBUG=1",
					"$(inherited)",
				);
				GCC_WARN_64_TO_32_BIT_CONVERSION = YES;
				GCC_WARN_ABOUT_RETURN_TYPE = YES_ERROR;
				GCC_WARN_UNDECLARED_SELECTOR = YES;
				GCC_WARN_UNINITIALIZED_AUTOS = YES_AGGRESSIVE;
				GCC_WARN_UNUSED_FUNCTION = YES;
				GCC_WARN_UNUSED_VARIABLE = YES;
				IPHONEOS_DEPLOYMENT_TARGET = 12.1;
				MTL_ENABLE_DEBUG_INFO = INCLUDE_SOURCE;
				MTL_FAST_MATH = YES;
				ONLY_ACTIVE_ARCH = YES;
				SDKROOT = iphoneos;
			};
			name = Debug;
		};
		826A4BB921B0691200F24296 /* Release */ = {
			isa = XCBuildConfiguration;
			buildSettings = {
				ALWAYS_SEARCH_USER_PATHS = NO;
				CLANG_ANALYZER_NONNULL = YES;
				CLANG_ANALYZER_NUMBER_OBJECT_CONVERSION = YES_AGGRESSIVE;
				CLANG_CXX_LANGUAGE_STANDARD = "gnu++14";
				CLANG_CXX_LIBRARY = "libc++";
				CLANG_ENABLE_MODULES = YES;
				CLANG_ENABLE_OBJC_ARC = NO;
				CLANG_ENABLE_OBJC_WEAK = YES;
				CLANG_WARN_BLOCK_CAPTURE_AUTORELEASING = YES;
				CLANG_WARN_BOOL_CONVERSION = YES;
				CLANG_WARN_COMMA = YES;
				CLANG_WARN_CONSTANT_CONVERSION = YES;
				CLANG_WARN_DEPRECATED_OBJC_IMPLEMENTATIONS = YES;
				CLANG_WARN_DIRECT_OBJC_ISA_USAGE = YES_ERROR;
				CLANG_WARN_DOCUMENTATION_COMMENTS = YES;
				CLANG_WARN_EMPTY_BODY = YES;
				CLANG_WARN_ENUM_CONVERSION = YES;
				CLANG_WARN_INFINITE_RECURSION = YES;
				CLANG_WARN_INT_CONVERSION = YES;
				CLANG_WARN_NON_LITERAL_NULL_CONVERSION = YES;
				CLANG_WARN_OBJC_IMPLICIT_RETAIN_SELF = YES;
				CLANG_WARN_OBJC_LITERAL_CONVERSION = YES;
				CLANG_WARN_OBJC_ROOT_CLASS = YES_ERROR;
				CLANG_WARN_RANGE_LOOP_ANALYSIS = YES;
				CLANG_WARN_STRICT_PROTOTYPES = YES;
				CLANG_WARN_SUSPICIOUS_MOVE = YES;
				CLANG_WARN_UNGUARDED_AVAILABILITY = YES_AGGRESSIVE;
				CLANG_WARN_UNREACHABLE_CODE = YES;
				CLANG_WARN__DUPLICATE_METHOD_MATCH = YES;
				CODE_SIGN_IDENTITY = "iPhone Developer";
				COPY_PHASE_STRIP = NO;
				DEBUG_INFORMATION_FORMAT = "dwarf-with-dsym";
				ENABLE_NS_ASSERTIONS = NO;
				ENABLE_STRICT_OBJC_MSGSEND = YES;
				GCC_C_LANGUAGE_STANDARD = gnu11;
				GCC_NO_COMMON_BLOCKS = YES;
				GCC_WARN_64_TO_32_BIT_CONVERSION = YES;
				GCC_WARN_ABOUT_RETURN_TYPE = YES_ERROR;
				GCC_WARN_UNDECLARED_SELECTOR = YES;
				GCC_WARN_UNINITIALIZED_AUTOS = YES_AGGRESSIVE;
				GCC_WARN_UNUSED_FUNCTION = YES;
				GCC_WARN_UNUSED_VARIABLE = YES;
				IPHONEOS_DEPLOYMENT_TARGET = 12.1;
				MTL_ENABLE_DEBUG_INFO = NO;
				MTL_FAST_MATH = YES;
				SDKROOT = iphoneos;
				VALIDATE_PRODUCT = YES;
			};
			name = Release;
		};
		826A4BBB21B0691200F24296 /* Debug */ = {
			isa = XCBuildConfiguration;
			buildSettings = {
				ASSETCATALOG_COMPILER_APPICON_NAME = AppIcon;
				CLANG_ENABLE_OBJC_ARC = NO;
				CODE_SIGN_STYLE = Automatic;
				INFOPLIST_FILE = "Contacts MRC/Info.plist";
				LD_RUNPATH_SEARCH_PATHS = (
					"$(inherited)",
					"@executable_path/Frameworks",
				);
				PRODUCT_BUNDLE_IDENTIFIER = "com.lambdaschool.Contacts-MRC";
				PRODUCT_NAME = "$(TARGET_NAME)";
				TARGETED_DEVICE_FAMILY = "1,2";
			};
			name = Debug;
		};
		826A4BBC21B0691200F24296 /* Release */ = {
			isa = XCBuildConfiguration;
			buildSettings = {
				ASSETCATALOG_COMPILER_APPICON_NAME = AppIcon;
				CLANG_ENABLE_OBJC_ARC = NO;
				CODE_SIGN_STYLE = Automatic;
				INFOPLIST_FILE = "Contacts MRC/Info.plist";
				LD_RUNPATH_SEARCH_PATHS = (
					"$(inherited)",
					"@executable_path/Frameworks",
				);
				PRODUCT_BUNDLE_IDENTIFIER = "com.lambdaschool.Contacts-MRC";
				PRODUCT_NAME = "$(TARGET_NAME)";
				TARGETED_DEVICE_FAMILY = "1,2";
			};
			name = Release;
		};
/* End XCBuildConfiguration section */

/* Begin XCConfigurationList section */
		826A4B9F21B0690F00F24296 /* Build configuration list for PBXProject "Contacts MRC" */ = {
			isa = XCConfigurationList;
			buildConfigurations = (
				826A4BB821B0691200F24296 /* Debug */,
				826A4BB921B0691200F24296 /* Release */,
			);
			defaultConfigurationIsVisible = 0;
			defaultConfigurationName = Release;
		};
		826A4BBA21B0691200F24296 /* Build configuration list for PBXNativeTarget "Contacts MRC" */ = {
			isa = XCConfigurationList;
			buildConfigurations = (
				826A4BBB21B0691200F24296 /* Debug */,
				826A4BBC21B0691200F24296 /* Release */,
			);
			defaultConfigurationIsVisible = 0;
			defaultConfigurationName = Release;
		};
/* End XCConfigurationList section */
	};
	rootObject = 826A4B9C21B0690F00F24296 /* Project object */;
}
